
Microsoft Visual Studio Solution File, Format Version 12.00
# Visual Studio 2013
VisualStudioVersion = 12.0.31101.0
MinimumVisualStudioVersion = 10.0.40219.1
Project("{FAE04EC0-301F-11D3-BF4B-00C04F79EFBC}") = "CriterionMedCom_Web", "CriterionMedCom_Web\CriterionMedCom_Web.csproj", "{F4FA3889-9D81-4F8B-8618-D957DF6D437D}"
EndProject
Project("{2150E333-8FDC-42A3-9474-1A3956D46DE8}") = ".nuget", ".nuget", "{40D147DD-625A-42D5-964B-4F2A04E98731}"
	ProjectSection(SolutionItems) = preProject
		.nuget\packages.config = .nuget\packages.config
	EndProjectSection
EndProject
Global
	GlobalSection(SolutionConfigurationPlatforms) = preSolution
		Debug|Any CPU = Debug|Any CPU
		Release|Any CPU = Release|Any CPU
	EndGlobalSection
	GlobalSection(ProjectConfigurationPlatforms) = postSolution
		{F4FA3889-9D81-4F8B-8618-D957DF6D437D}.Debug|Any CPU.ActiveCfg = Debug|Any CPU
		{F4FA3889-9D81-4F8B-8618-D957DF6D437D}.Debug|Any CPU.Build.0 = Debug|Any CPU
		{F4FA3889-9D81-4F8B-8618-D957DF6D437D}.Release|Any CPU.ActiveCfg = Release|Any CPU
		{F4FA3889-9D81-4F8B-8618-D957DF6D437D}.Release|Any CPU.Build.0 = Release|Any CPU
	EndGlobalSection
	GlobalSection(SolutionProperties) = preSolution
		HideSolutionNode = FALSE
	EndGlobalSection
EndGlobal
